
Microsoft Visual Studio Solution File, Format Version 10.00
# Visual Studio 2008
Project("{8BC9CEB8-8B4A-11D0-8D11-00A0C91BC942}") = "week4", "week4.vcproj", "{C54DE83C-1FF3-4CDE-8585-771A8DF80B09}"
EndProject
Global
	GlobalSection(SolutionConfigurationPlatforms) = preSolution
		Debug|Win32 = Debug|Win32
		Release|Win32 = Release|Win32
	EndGlobalSection
	GlobalSection(ProjectConfigurationPlatforms) = postSolution
		{C54DE83C-1FF3-4CDE-8585-771A8DF80B09}.Debug|Win32.ActiveCfg = Debug|Win32
		{C54DE83C-1FF3-4CDE-8585-771A8DF80B09}.Debug|Win32.Build.0 = Debug|Win32
		{C54DE83C-1FF3-4CDE-8585-771A8DF80B09}.Release|Win32.ActiveCfg = Release|Win32
		{C54DE83C-1FF3-4CDE-8585-771A8DF80B09}.Release|Win32.Build.0 = Release|Win32
	EndGlobalSection
	GlobalSection(SolutionProperties) = preSolution
		HideSolutionNode = FALSE
	EndGlobalSection
EndGlobal
