
Microsoft Visual Studio Solution File, Format Version 10.00
# Visual Studio 2008
Project("{8BC9CEB8-8B4A-11D0-8D11-00A0C91BC942}") = "LCS", "LCS.vcproj", "{CD3C2A73-ABF2-43C6-A49E-C9D11B6E2CE0}"
EndProject
Global
	GlobalSection(SolutionConfigurationPlatforms) = preSolution
		Debug|Win32 = Debug|Win32
		Release|Win32 = Release|Win32
	EndGlobalSection
	GlobalSection(ProjectConfigurationPlatforms) = postSolution
		{CD3C2A73-ABF2-43C6-A49E-C9D11B6E2CE0}.Debug|Win32.ActiveCfg = Debug|Win32
		{CD3C2A73-ABF2-43C6-A49E-C9D11B6E2CE0}.Debug|Win32.Build.0 = Debug|Win32
		{CD3C2A73-ABF2-43C6-A49E-C9D11B6E2CE0}.Release|Win32.ActiveCfg = Release|Win32
		{CD3C2A73-ABF2-43C6-A49E-C9D11B6E2CE0}.Release|Win32.Build.0 = Release|Win32
	EndGlobalSection
	GlobalSection(SolutionProperties) = preSolution
		HideSolutionNode = FALSE
	EndGlobalSection
EndGlobal
