
Microsoft Visual Studio Solution File, Format Version 10.00
# Visual Studio 2008
Project("{8BC9CEB8-8B4A-11D0-8D11-00A0C91BC942}") = "AVL Tree 1009", "AVL Tree 1009.vcproj", "{F4688332-9C0D-4606-8160-653B56FBD370}"
EndProject
Global
	GlobalSection(SolutionConfigurationPlatforms) = preSolution
		Debug|Win32 = Debug|Win32
		Release|Win32 = Release|Win32
	EndGlobalSection
	GlobalSection(ProjectConfigurationPlatforms) = postSolution
		{F4688332-9C0D-4606-8160-653B56FBD370}.Debug|Win32.ActiveCfg = Debug|Win32
		{F4688332-9C0D-4606-8160-653B56FBD370}.Debug|Win32.Build.0 = Debug|Win32
		{F4688332-9C0D-4606-8160-653B56FBD370}.Release|Win32.ActiveCfg = Release|Win32
		{F4688332-9C0D-4606-8160-653B56FBD370}.Release|Win32.Build.0 = Release|Win32
	EndGlobalSection
	GlobalSection(SolutionProperties) = preSolution
		HideSolutionNode = FALSE
	EndGlobalSection
EndGlobal
