
Microsoft Visual Studio Solution File, Format Version 10.00
# Visual Studio 2008
Project("{8BC9CEB8-8B4A-11D0-8D11-00A0C91BC942}") = "Assignment3", "Assignment3.vcproj", "{1B556A4E-1BA0-4850-B82F-65CE61F8E97D}"
EndProject
Global
	GlobalSection(SolutionConfigurationPlatforms) = preSolution
		Debug|Win32 = Debug|Win32
		Release|Win32 = Release|Win32
	EndGlobalSection
	GlobalSection(ProjectConfigurationPlatforms) = postSolution
		{1B556A4E-1BA0-4850-B82F-65CE61F8E97D}.Debug|Win32.ActiveCfg = Debug|Win32
		{1B556A4E-1BA0-4850-B82F-65CE61F8E97D}.Debug|Win32.Build.0 = Debug|Win32
		{1B556A4E-1BA0-4850-B82F-65CE61F8E97D}.Release|Win32.ActiveCfg = Release|Win32
		{1B556A4E-1BA0-4850-B82F-65CE61F8E97D}.Release|Win32.Build.0 = Release|Win32
	EndGlobalSection
	GlobalSection(SolutionProperties) = preSolution
		HideSolutionNode = FALSE
	EndGlobalSection
EndGlobal
