
Microsoft Visual Studio Solution File, Format Version 10.00
# Visual Studio 2008
Project("{8BC9CEB8-8B4A-11D0-8D11-00A0C91BC942}") = "Tetris", "Tetris\Tetris.vcproj", "{4A30E66A-98E2-4599-962D-E5F3FEBFB290}"
EndProject
Project("{8BC9CEB8-8B4A-11D0-8D11-00A0C91BC942}") = "example", "example\example.vcproj", "{B832D18F-CE4A-484C-8357-09641E5B3116}"
EndProject
Global
	GlobalSection(SolutionConfigurationPlatforms) = preSolution
		Debug|Win32 = Debug|Win32
		Release|Win32 = Release|Win32
	EndGlobalSection
	GlobalSection(ProjectConfigurationPlatforms) = postSolution
		{4A30E66A-98E2-4599-962D-E5F3FEBFB290}.Debug|Win32.ActiveCfg = Debug|Win32
		{4A30E66A-98E2-4599-962D-E5F3FEBFB290}.Debug|Win32.Build.0 = Debug|Win32
		{4A30E66A-98E2-4599-962D-E5F3FEBFB290}.Release|Win32.ActiveCfg = Release|Win32
		{4A30E66A-98E2-4599-962D-E5F3FEBFB290}.Release|Win32.Build.0 = Release|Win32
		{B832D18F-CE4A-484C-8357-09641E5B3116}.Debug|Win32.ActiveCfg = Debug|Win32
		{B832D18F-CE4A-484C-8357-09641E5B3116}.Debug|Win32.Build.0 = Debug|Win32
		{B832D18F-CE4A-484C-8357-09641E5B3116}.Release|Win32.ActiveCfg = Release|Win32
		{B832D18F-CE4A-484C-8357-09641E5B3116}.Release|Win32.Build.0 = Release|Win32
	EndGlobalSection
	GlobalSection(SolutionProperties) = preSolution
		HideSolutionNode = FALSE
	EndGlobalSection
EndGlobal
